
Microsoft Visual Studio Solution File, Format Version 12.00
# Visual Studio Version 16
VisualStudioVersion = 16.0.35425.106
MinimumVisualStudioVersion = 10.0.40219.1
Project("{8BC9CEB8-8B4A-11D0-8D11-00A0C91BC942}") = "testForModules", "testForModules.vcxproj", "{49CF30CD-B9DE-4466-AB3E-000A44E1903A}"
EndProject
Global
	GlobalSection(SolutionConfigurationPlatforms) = preSolution
		Debug|x64 = Debug|x64
		Debug|x86 = Debug|x86
		Release|x64 = Release|x64
		Release|x86 = Release|x86
	EndGlobalSection
	GlobalSection(ProjectConfigurationPlatforms) = postSolution
		{49CF30CD-B9DE-4466-AB3E-000A44E1903A}.Debug|x64.ActiveCfg = Debug|x64
		{49CF30CD-B9DE-4466-AB3E-000A44E1903A}.Debug|x64.Build.0 = Debug|x64
		{49CF30CD-B9DE-4466-AB3E-000A44E1903A}.Debug|x86.ActiveCfg = Debug|Win32
		{49CF30CD-B9DE-4466-AB3E-000A44E1903A}.Debug|x86.Build.0 = Debug|Win32
		{49CF30CD-B9DE-4466-AB3E-000A44E1903A}.Release|x64.ActiveCfg = Release|x64
		{49CF30CD-B9DE-4466-AB3E-000A44E1903A}.Release|x64.Build.0 = Release|x64
		{49CF30CD-B9DE-4466-AB3E-000A44E1903A}.Release|x86.ActiveCfg = Release|Win32
		{49CF30CD-B9DE-4466-AB3E-000A44E1903A}.Release|x86.Build.0 = Release|Win32
	EndGlobalSection
	GlobalSection(SolutionProperties) = preSolution
		HideSolutionNode = FALSE
	EndGlobalSection
	GlobalSection(ExtensibilityGlobals) = postSolution
		SolutionGuid = {284D67B0-0EAC-41DC-9138-E4AD469F649A}
	EndGlobalSection
EndGlobal
